<?xml version="1.0" encoding="utf-8"?>
<Project ToolsVersion="4.0" xmlns="http://schemas.microsoft.com/developer/msbuild/2003">
  <ItemGroup>
    <Filter Include="Source Files">
      <UniqueIdentifier>{4FC737F1-C7A5-4376-A066-2A32D752A2FF}</UniqueIdentifier>
      <Extensions>cpp;c;cc;cxx;def;odl;idl;hpj;bat;asm;asmx</Extensions>
    </Filter>
    <Filter Include="Header Files">
      <UniqueIdentifier>{93995380-89BD-4b04-88EB-625FBE52EBFB}</UniqueIdentifier>
      <Extensions>h;hh;hpp;hxx;hm;inl;inc;xsd</Extensions>
    </Filter>
    <Filter Include="Resource Files">
      <UniqueIdentifier>{67DA6AB6-F800-4c08-8B7A-83BB121AAD01}</UniqueIdentifier>
      <Extensions>rc;ico;cur;bmp;dlg;rc2;rct;bin;rgs;gif;jpg;jpeg;jpe;resx;tiff;tif;png;wav;mfcribbon-ms</Extensions>
    </Filter>
    <Filter Include="utl">
      <UniqueIdentifier>{9b40af50-c821-48e7-a58e-94e636c6d166}</UniqueIdentifier>
    </Filter>
    <Filter Include="utl\internal">
      <UniqueIdentifier>{c499b330-5978-4eee-9cd7-85baee405a2d}</UniqueIdentifier>
    </Filter>
  </ItemGroup>
  <ItemGroup>
    <ClInclude Include="..\utl\bcpp.hpp">
      <Filter>utl</Filter>
    </ClInclude>
    <ClInclude Include="..\utl\internal\functional.hpp">
      <Filter>utl\internal</Filter>
    </ClInclude>
    <ClInclude Include="..\utl\internal\macro.hpp">
      <Filter>utl\internal</Filter>
    </ClInclude>
    <ClInclude Include="..\utl\internal\memory.hpp">
      <Filter>utl\internal</Filter>
    </ClInclude>
    <ClInclude Include="..\utl\internal\stdcpp.hpp">
      <Filter>utl\internal</Filter>
    </ClInclude>
    <ClInclude Include="..\utl\internal\traits.hpp">
      <Filter>utl\internal</Filter>
    </ClInclude>
    <ClInclude Include="..\utl\internal\array.hpp">
      <Filter>utl\internal</Filter>
    </ClInclude>
    <ClInclude Include="..\utl\internal\string.hpp">
      <Filter>utl\internal</Filter>
    </ClInclude>
    <ClInclude Include="..\utl\internal\relop.hpp">
      <Filter>utl\internal</Filter>
    </ClInclude>
  </ItemGroup>
  <ItemGroup>
    <ClCompile Include="main.cpp">
      <Filter>Source Files</Filter>
    </ClCompile>
  </ItemGroup>
</Project>